
Microsoft Visual Studio Solution File, Format Version 12.00
# Visual Studio 2013
VisualStudioVersion = 12.0.31101.0
MinimumVisualStudioVersion = 10.0.40219.1
Project("{FAE04EC0-301F-11D3-BF4B-00C04F79EFBC}") = "DZ_Game", "DZ_Game\DZ_Game.csproj", "{494889F4-6E6B-4D6B-9BC0-DC5844CD0253}"
EndProject
Project("{FAE04EC0-301F-11D3-BF4B-00C04F79EFBC}") = "Buff_Action_test", "Buff_Action_test\Buff_Action_test.csproj", "{F9AD9AFC-E3E5-4331-9B13-0228CE100988}"
EndProject
Global
	GlobalSection(SolutionConfigurationPlatforms) = preSolution
		Debug|Any CPU = Debug|Any CPU
		Release|Any CPU = Release|Any CPU
	EndGlobalSection
	GlobalSection(ProjectConfigurationPlatforms) = postSolution
		{494889F4-6E6B-4D6B-9BC0-DC5844CD0253}.Debug|Any CPU.ActiveCfg = Debug|Any CPU
		{494889F4-6E6B-4D6B-9BC0-DC5844CD0253}.Debug|Any CPU.Build.0 = Debug|Any CPU
		{494889F4-6E6B-4D6B-9BC0-DC5844CD0253}.Release|Any CPU.ActiveCfg = Release|Any CPU
		{494889F4-6E6B-4D6B-9BC0-DC5844CD0253}.Release|Any CPU.Build.0 = Release|Any CPU
		{F9AD9AFC-E3E5-4331-9B13-0228CE100988}.Debug|Any CPU.ActiveCfg = Debug|Any CPU
		{F9AD9AFC-E3E5-4331-9B13-0228CE100988}.Debug|Any CPU.Build.0 = Debug|Any CPU
		{F9AD9AFC-E3E5-4331-9B13-0228CE100988}.Release|Any CPU.ActiveCfg = Release|Any CPU
		{F9AD9AFC-E3E5-4331-9B13-0228CE100988}.Release|Any CPU.Build.0 = Release|Any CPU
	EndGlobalSection
	GlobalSection(SolutionProperties) = preSolution
		HideSolutionNode = FALSE
	EndGlobalSection
EndGlobal
